// !$*UTF8*$!
{
	archiveVersion = 1;
	classes = {
	};
	objectVersion = 56;
	objects = {

/* Begin PBXBuildFile section */
		E1E869EA2B8B366200BC49FF /* AppDelegate.swift in Sources */ = {isa = PBXBuildFile; fileRef = E1E869E92B8B366200BC49FF /* AppDelegate.swift */; };
		E1E869EC2B8B366200BC49FF /* SceneDelegate.swift in Sources */ = {isa = PBXBuildFile; fileRef = E1E869EB2B8B366200BC49FF /* SceneDelegate.swift */; };
		E1E869EE2B8B366200BC49FF /* ViewController.swift in Sources */ = {isa = PBXBuildFile; fileRef = E1E869ED2B8B366200BC49FF /* ViewController.swift */; };
		E1E869F12B8B366200BC49FF /* Main.storyboard in Resources */ = {isa = PBXBuildFile; fileRef = E1E869EF2B8B366200BC49FF /* Main.storyboard */; };
		E1E869F32B8B366600BC49FF /* Assets.xcassets in Resources */ = {isa = PBXBuildFile; fileRef = E1E869F22B8B366600BC49FF /* Assets.xcassets */; };
		E1E869F62B8B366600BC49FF /* LaunchScreen.storyboard in Resources */ = {isa = PBXBuildFile; fileRef = E1E869F42B8B366600BC49FF /* LaunchScreen.storyboard */; };
		E1E86A012B8B366600BC49FF /* MVVMiOSTests.swift in Sources */ = {isa = PBXBuildFile; fileRef = E1E86A002B8B366600BC49FF /* MVVMiOSTests.swift */; };
		E1E86A0B2B8B366600BC49FF /* MVVMiOSUITests.swift in Sources */ = {isa = PBXBuildFile; fileRef = E1E86A0A2B8B366600BC49FF /* MVVMiOSUITests.swift */; };
		E1E86A0D2B8B366600BC49FF /* MVVMiOSUITestsLaunchTests.swift in Sources */ = {isa = PBXBuildFile; fileRef = E1E86A0C2B8B366600BC49FF /* MVVMiOSUITestsLaunchTests.swift */; };
/* End PBXBuildFile section */

/* Begin PBXContainerItemProxy section */
		E1E869FD2B8B366600BC49FF /* PBXContainerItemProxy */ = {
			isa = PBXContainerItemProxy;
			containerPortal = E1E869DE2B8B366200BC49FF /* Project object */;
			proxyType = 1;
			remoteGlobalIDString = E1E869E52B8B366200BC49FF;
			remoteInfo = MVVMiOS;
		};
		E1E86A072B8B366600BC49FF /* PBXContainerItemProxy */ = {
			isa = PBXContainerItemProxy;
			containerPortal = E1E869DE2B8B366200BC49FF /* Project object */;
			proxyType = 1;
			remoteGlobalIDString = E1E869E52B8B366200BC49FF;
			remoteInfo = MVVMiOS;
		};
/* End PBXContainerItemProxy section */

/* Begin PBXFileReference section */
		E1E869E62B8B366200BC49FF /* MVVMiOS.app */ = {isa = PBXFileReference; explicitFileType = wrapper.application; includeInIndex = 0; path = MVVMiOS.app; sourceTree = BUILT_PRODUCTS_DIR; };
		E1E869E92B8B366200BC49FF /* AppDelegate.swift */ = {isa = PBXFileReference; lastKnownFileType = sourcecode.swift; path = AppDelegate.swift; sourceTree = "<group>"; };
		E1E869EB2B8B366200BC49FF /* SceneDelegate.swift */ = {isa = PBXFileReference; lastKnownFileType = sourcecode.swift; path = SceneDelegate.swift; sourceTree = "<group>"; };
		E1E869ED2B8B366200BC49FF /* ViewController.swift */ = {isa = PBXFileReference; lastKnownFileType = sourcecode.swift; path = ViewController.swift; sourceTree = "<group>"; };
		E1E869F02B8B366200BC49FF /* Base */ = {isa = PBXFileReference; lastKnownFileType = file.storyboard; name = Base; path = Base.lproj/Main.storyboard; sourceTree = "<group>"; };
		E1E869F22B8B366600BC49FF /* Assets.xcassets */ = {isa = PBXFileReference; lastKnownFileType = folder.assetcatalog; path = Assets.xcassets; sourceTree = "<group>"; };
		E1E869F52B8B366600BC49FF /* Base */ = {isa = PBXFileReference; lastKnownFileType = file.storyboard; name = Base; path = Base.lproj/LaunchScreen.storyboard; sourceTree = "<group>"; };
		E1E869F72B8B366600BC49FF /* Info.plist */ = {isa = PBXFileReference; lastKnownFileType = text.plist.xml; path = Info.plist; sourceTree = "<group>"; };
		E1E869FC2B8B366600BC49FF /* MVVMiOSTests.xctest */ = {isa = PBXFileReference; explicitFileType = wrapper.cfbundle; includeInIndex = 0; path = MVVMiOSTests.xctest; sourceTree = BUILT_PRODUCTS_DIR; };
		E1E86A002B8B366600BC49FF /* MVVMiOSTests.swift */ = {isa = PBXFileReference; lastKnownFileType = sourcecode.swift; path = MVVMiOSTests.swift; sourceTree = "<group>"; };
		E1E86A062B8B366600BC49FF /* MVVMiOSUITests.xctest */ = {isa = PBXFileReference; explicitFileType = wrapper.cfbundle; includeInIndex = 0; path = MVVMiOSUITests.xctest; sourceTree = BUILT_PRODUCTS_DIR; };
		E1E86A0A2B8B366600BC49FF /* MVVMiOSUITests.swift */ = {isa = PBXFileReference; lastKnownFileType = sourcecode.swift; path = MVVMiOSUITests.swift; sourceTree = "<group>"; };
		E1E86A0C2B8B366600BC49FF /* MVVMiOSUITestsLaunchTests.swift */ = {isa = PBXFileReference; lastKnownFileType = sourcecode.swift; path = MVVMiOSUITestsLaunchTests.swift; sourceTree = "<group>"; };
/* End PBXFileReference section */

/* Begin PBXFrameworksBuildPhase section */
		E1E869E32B8B366200BC49FF /* Frameworks */ = {
			isa = PBXFrameworksBuildPhase;
			buildActionMask = 2147483647;
			files = (
			);
			runOnlyForDeploymentPostprocessing = 0;
		};
		E1E869F92B8B366600BC49FF /* Frameworks */ = {
			isa = PBXFrameworksBuildPhase;
			buildActionMask = 2147483647;
			files = (
			);
			runOnlyForDeploymentPostprocessing = 0;
		};
		E1E86A032B8B366600BC49FF /* Frameworks */ = {
			isa = PBXFrameworksBuildPhase;
			buildActionMask = 2147483647;
			files = (
			);
			runOnlyForDeploymentPostprocessing = 0;
		};
/* End PBXFrameworksBuildPhase section */

/* Begin PBXGroup section */
		E1E869DD2B8B366200BC49FF = {
			isa = PBXGroup;
			children = (
				E1E869E82B8B366200BC49FF /* MVVMiOS */,
				E1E869FF2B8B366600BC49FF /* MVVMiOSTests */,
				E1E86A092B8B366600BC49FF /* MVVMiOSUITests */,
				E1E869E72B8B366200BC49FF /* Products */,
			);
			sourceTree = "<group>";
		};
		E1E869E72B8B366200BC49FF /* Products */ = {
			isa = PBXGroup;
			children = (
				E1E869E62B8B366200BC49FF /* MVVMiOS.app */,
				E1E869FC2B8B366600BC49FF /* MVVMiOSTests.xctest */,
				E1E86A062B8B366600BC49FF /* MVVMiOSUITests.xctest */,
			);
			name = Products;
			sourceTree = "<group>";
		};
		E1E869E82B8B366200BC49FF /* MVVMiOS */ = {
			isa = PBXGroup;
			children = (
				E1E869E92B8B366200BC49FF /* AppDelegate.swift */,
				E1E869EB2B8B366200BC49FF /* SceneDelegate.swift */,
				E1E869ED2B8B366200BC49FF /* ViewController.swift */,
				E1E869EF2B8B366200BC49FF /* Main.storyboard */,
				E1E869F22B8B366600BC49FF /* Assets.xcassets */,
				E1E869F42B8B366600BC49FF /* LaunchScreen.storyboard */,
				E1E869F72B8B366600BC49FF /* Info.plist */,
			);
			path = MVVMiOS;
			sourceTree = "<group>";
		};
		E1E869FF2B8B366600BC49FF /* MVVMiOSTests */ = {
			isa = PBXGroup;
			children = (
				E1E86A002B8B366600BC49FF /* MVVMiOSTests.swift */,
			);
			path = MVVMiOSTests;
			sourceTree = "<group>";
		};
		E1E86A092B8B366600BC49FF /* MVVMiOSUITests */ = {
			isa = PBXGroup;
			children = (
				E1E86A0A2B8B366600BC49FF /* MVVMiOSUITests.swift */,
				E1E86A0C2B8B366600BC49FF /* MVVMiOSUITestsLaunchTests.swift */,
			);
			path = MVVMiOSUITests;
			sourceTree = "<group>";
		};
/* End PBXGroup section */

/* Begin PBXNativeTarget section */
		E1E869E52B8B366200BC49FF /* MVVMiOS */ = {
			isa = PBXNativeTarget;
			buildConfigurationList = E1E86A102B8B366600BC49FF /* Build configuration list for PBXNativeTarget "MVVMiOS" */;
			buildPhases = (
				E1E869E22B8B366200BC49FF /* Sources */,
				E1E869E32B8B366200BC49FF /* Frameworks */,
				E1E869E42B8B366200BC49FF /* Resources */,
			);
			buildRules = (
			);
			dependencies = (
			);
			name = MVVMiOS;
			productName = MVVMiOS;
			productReference = E1E869E62B8B366200BC49FF /* MVVMiOS.app */;
			productType = "com.apple.product-type.application";
		};
		E1E869FB2B8B366600BC49FF /* MVVMiOSTests */ = {
			isa = PBXNativeTarget;
			buildConfigurationList = E1E86A132B8B366600BC49FF /* Build configuration list for PBXNativeTarget "MVVMiOSTests" */;
			buildPhases = (
				E1E869F82B8B366600BC49FF /* Sources */,
				E1E869F92B8B366600BC49FF /* Frameworks */,
				E1E869FA2B8B366600BC49FF /* Resources */,
			);
			buildRules = (
			);
			dependencies = (
				E1E869FE2B8B366600BC49FF /* PBXTargetDependency */,
			);
			name = MVVMiOSTests;
			productName = MVVMiOSTests;
			productReference = E1E869FC2B8B366600BC49FF /* MVVMiOSTests.xctest */;
			productType = "com.apple.product-type.bundle.unit-test";
		};
		E1E86A052B8B366600BC49FF /* MVVMiOSUITests */ = {
			isa = PBXNativeTarget;
			buildConfigurationList = E1E86A162B8B366600BC49FF /* Build configuration list for PBXNativeTarget "MVVMiOSUITests" */;
			buildPhases = (
				E1E86A022B8B366600BC49FF /* Sources */,
				E1E86A032B8B366600BC49FF /* Frameworks */,
				E1E86A042B8B366600BC49FF /* Resources */,
			);
			buildRules = (
			);
			dependencies = (
				E1E86A082B8B366600BC49FF /* PBXTargetDependency */,
			);
			name = MVVMiOSUITests;
			productName = MVVMiOSUITests;
			productReference = E1E86A062B8B366600BC49FF /* MVVMiOSUITests.xctest */;
			productType = "com.apple.product-type.bundle.ui-testing";
		};
/* End PBXNativeTarget section */

/* Begin PBXProject section */
		E1E869DE2B8B366200BC49FF /* Project object */ = {
			isa = PBXProject;
			attributes = {
				BuildIndependentTargetsInParallel = 1;
				LastSwiftUpdateCheck = 1420;
				LastUpgradeCheck = 1420;
				TargetAttributes = {
					E1E869E52B8B366200BC49FF = {
						CreatedOnToolsVersion = 14.2;
					};
					E1E869FB2B8B366600BC49FF = {
						CreatedOnToolsVersion = 14.2;
						TestTargetID = E1E869E52B8B366200BC49FF;
					};
					E1E86A052B8B366600BC49FF = {
						CreatedOnToolsVersion = 14.2;
						TestTargetID = E1E869E52B8B366200BC49FF;
					};
				};
			};
			buildConfigurationList = E1E869E12B8B366200BC49FF /* Build configuration list for PBXProject "MVVMiOS" */;
			compatibilityVersion = "Xcode 14.0";
			developmentRegion = en;
			hasScannedForEncodings = 0;
			knownRegions = (
				en,
				Base,
			);
			mainGroup = E1E869DD2B8B366200BC49FF;
			productRefGroup = E1E869E72B8B366200BC49FF /* Products */;
			projectDirPath = "";
			projectRoot = "";
			targets = (
				E1E869E52B8B366200BC49FF /* MVVMiOS */,
				E1E869FB2B8B366600BC49FF /* MVVMiOSTests */,
				E1E86A052B8B366600BC49FF /* MVVMiOSUITests */,
			);
		};
/* End PBXProject section */

/* Begin PBXResourcesBuildPhase section */
		E1E869E42B8B366200BC49FF /* Resources */ = {
			isa = PBXResourcesBuildPhase;
			buildActionMask = 2147483647;
			files = (
				E1E869F62B8B366600BC49FF /* LaunchScreen.storyboard in Resources */,
				E1E869F32B8B366600BC49FF /* Assets.xcassets in Resources */,
				E1E869F12B8B366200BC49FF /* Main.storyboard in Resources */,
			);
			runOnlyForDeploymentPostprocessing = 0;
		};
		E1E869FA2B8B366600BC49FF /* Resources */ = {
			isa = PBXResourcesBuildPhase;
			buildActionMask = 2147483647;
			files = (
			);
			runOnlyForDeploymentPostprocessing = 0;
		};
		E1E86A042B8B366600BC49FF /* Resources */ = {
			isa = PBXResourcesBuildPhase;
			buildActionMask = 2147483647;
			files = (
			);
			runOnlyForDeploymentPostprocessing = 0;
		};
/* End PBXResourcesBuildPhase section */

/* Begin PBXSourcesBuildPhase section */
		E1E869E22B8B366200BC49FF /* Sources */ = {
			isa = PBXSourcesBuildPhase;
			buildActionMask = 2147483647;
			files = (
				E1E869EE2B8B366200BC49FF /* ViewController.swift in Sources */,
				E1E869EA2B8B366200BC49FF /* AppDelegate.swift in Sources */,
				E1E869EC2B8B366200BC49FF /* SceneDelegate.swift in Sources */,
			);
			runOnlyForDeploymentPostprocessing = 0;
		};
		E1E869F82B8B366600BC49FF /* Sources */ = {
			isa = PBXSourcesBuildPhase;
			buildActionMask = 2147483647;
			files = (
				E1E86A012B8B366600BC49FF /* MVVMiOSTests.swift in Sources */,
			);
			runOnlyForDeploymentPostprocessing = 0;
		};
		E1E86A022B8B366600BC49FF /* Sources */ = {
			isa = PBXSourcesBuildPhase;
			buildActionMask = 2147483647;
			files = (
				E1E86A0D2B8B366600BC49FF /* MVVMiOSUITestsLaunchTests.swift in Sources */,
				E1E86A0B2B8B366600BC49FF /* MVVMiOSUITests.swift in Sources */,
			);
			runOnlyForDeploymentPostprocessing = 0;
		};
/* End PBXSourcesBuildPhase section */

/* Begin PBXTargetDependency section */
		E1E869FE2B8B366600BC49FF /* PBXTargetDependency */ = {
			isa = PBXTargetDependency;
			target = E1E869E52B8B366200BC49FF /* MVVMiOS */;
			targetProxy = E1E869FD2B8B366600BC49FF /* PBXContainerItemProxy */;
		};
		E1E86A082B8B366600BC49FF /* PBXTargetDependency */ = {
			isa = PBXTargetDependency;
			target = E1E869E52B8B366200BC49FF /* MVVMiOS */;
			targetProxy = E1E86A072B8B366600BC49FF /* PBXContainerItemProxy */;
		};
/* End PBXTargetDependency section */

/* Begin PBXVariantGroup section */
		E1E869EF2B8B366200BC49FF /* Main.storyboard */ = {
			isa = PBXVariantGroup;
			children = (
				E1E869F02B8B366200BC49FF /* Base */,
			);
			name = Main.storyboard;
			sourceTree = "<group>";
		};
		E1E869F42B8B366600BC49FF /* LaunchScreen.storyboard */ = {
			isa = PBXVariantGroup;
			children = (
				E1E869F52B8B366600BC49FF /* Base */,
			);
			name = LaunchScreen.storyboard;
			sourceTree = "<group>";
		};
/* End PBXVariantGroup section */

/* Begin XCBuildConfiguration section */
		E1E86A0E2B8B366600BC49FF /* Debug */ = {
			isa = XCBuildConfiguration;
			buildSettings = {
				ALWAYS_SEARCH_USER_PATHS = NO;
				CLANG_ANALYZER_NONNULL = YES;
				CLANG_ANALYZER_NUMBER_OBJECT_CONVERSION = YES_AGGRESSIVE;
				CLANG_CXX_LANGUAGE_STANDARD = "gnu++20";
				CLANG_ENABLE_MODULES = YES;
				CLANG_ENABLE_OBJC_ARC = YES;
				CLANG_ENABLE_OBJC_WEAK = YES;
				CLANG_WARN_BLOCK_CAPTURE_AUTORELEASING = YES;
				CLANG_WARN_BOOL_CONVERSION = YES;
				CLANG_WARN_COMMA = YES;
				CLANG_WARN_CONSTANT_CONVERSION = YES;
				CLANG_WARN_DEPRECATED_OBJC_IMPLEMENTATIONS = YES;
				CLANG_WARN_DIRECT_OBJC_ISA_USAGE = YES_ERROR;
				CLANG_WARN_DOCUMENTATION_COMMENTS = YES;
				CLANG_WARN_EMPTY_BODY = YES;
				CLANG_WARN_ENUM_CONVERSION = YES;
				CLANG_WARN_INFINITE_RECURSION = YES;
				CLANG_WARN_INT_CONVERSION = YES;
				CLANG_WARN_NON_LITERAL_NULL_CONVERSION = YES;
				CLANG_WARN_OBJC_IMPLICIT_RETAIN_SELF = YES;
				CLANG_WARN_OBJC_LITERAL_CONVERSION = YES;
				CLANG_WARN_OBJC_ROOT_CLASS = YES_ERROR;
				CLANG_WARN_QUOTED_INCLUDE_IN_FRAMEWORK_HEADER = YES;
				CLANG_WARN_RANGE_LOOP_ANALYSIS = YES;
				CLANG_WARN_STRICT_PROTOTYPES = YES;
				CLANG_WARN_SUSPICIOUS_MOVE = YES;
				CLANG_WARN_UNGUARDED_AVAILABILITY = YES_AGGRESSIVE;
				CLANG_WARN_UNREACHABLE_CODE = YES;
				CLANG_WARN__DUPLICATE_METHOD_MATCH = YES;
				COPY_PHASE_STRIP = NO;
				DEBUG_INFORMATION_FORMAT = dwarf;
				ENABLE_STRICT_OBJC_MSGSEND = YES;
				ENABLE_TESTABILITY = YES;
				GCC_C_LANGUAGE_STANDARD = gnu11;
				GCC_DYNAMIC_NO_PIC = NO;
				GCC_NO_COMMON_BLOCKS = YES;
				GCC_OPTIMIZATION_LEVEL = 0;
				GCC_PREPROCESSOR_DEFINITIONS = (
					"DEBUG=1",
					"$(inherited)",
				);
				GCC_WARN_64_TO_32_BIT_CONVERSION = YES;
				GCC_WARN_ABOUT_RETURN_TYPE = YES_ERROR;
				GCC_WARN_UNDECLARED_SELECTOR = YES;
				GCC_WARN_UNINITIALIZED_AUTOS = YES_AGGRESSIVE;
				GCC_WARN_UNUSED_FUNCTION = YES;
				GCC_WARN_UNUSED_VARIABLE = YES;
				IPHONEOS_DEPLOYMENT_TARGET = 16.2;
				MTL_ENABLE_DEBUG_INFO = INCLUDE_SOURCE;
				MTL_FAST_MATH = YES;
				ONLY_ACTIVE_ARCH = YES;
				SDKROOT = iphoneos;
				SWIFT_ACTIVE_COMPILATION_CONDITIONS = DEBUG;
				SWIFT_OPTIMIZATION_LEVEL = "-Onone";
			};
			name = Debug;
		};
		E1E86A0F2B8B366600BC49FF /* Release */ = {
			isa = XCBuildConfiguration;
			buildSettings = {
				ALWAYS_SEARCH_USER_PATHS = NO;
				CLANG_ANALYZER_NONNULL = YES;
				CLANG_ANALYZER_NUMBER_OBJECT_CONVERSION = YES_AGGRESSIVE;
				CLANG_CXX_LANGUAGE_STANDARD = "gnu++20";
				CLANG_ENABLE_MODULES = YES;
				CLANG_ENABLE_OBJC_ARC = YES;
				CLANG_ENABLE_OBJC_WEAK = YES;
				CLANG_WARN_BLOCK_CAPTURE_AUTORELEASING = YES;
				CLANG_WARN_BOOL_CONVERSION = YES;
				CLANG_WARN_COMMA = YES;
				CLANG_WARN_CONSTANT_CONVERSION = YES;
				CLANG_WARN_DEPRECATED_OBJC_IMPLEMENTATIONS = YES;
				CLANG_WARN_DIRECT_OBJC_ISA_USAGE = YES_ERROR;
				CLANG_WARN_DOCUMENTATION_COMMENTS = YES;
				CLANG_WARN_EMPTY_BODY = YES;
				CLANG_WARN_ENUM_CONVERSION = YES;
				CLANG_WARN_INFINITE_RECURSION = YES;
				CLANG_WARN_INT_CONVERSION = YES;
				CLANG_WARN_NON_LITERAL_NULL_CONVERSION = YES;
				CLANG_WARN_OBJC_IMPLICIT_RETAIN_SELF = YES;
				CLANG_WARN_OBJC_LITERAL_CONVERSION = YES;
				CLANG_WARN_OBJC_ROOT_CLASS = YES_ERROR;
				CLANG_WARN_QUOTED_INCLUDE_IN_FRAMEWORK_HEADER = YES;
				CLANG_WARN_RANGE_LOOP_ANALYSIS = YES;
				CLANG_WARN_STRICT_PROTOTYPES = YES;
				CLANG_WARN_SUSPICIOUS_MOVE = YES;
				CLANG_WARN_UNGUARDED_AVAILABILITY = YES_AGGRESSIVE;
				CLANG_WARN_UNREACHABLE_CODE = YES;
				CLANG_WARN__DUPLICATE_METHOD_MATCH = YES;
				COPY_PHASE_STRIP = NO;
				DEBUG_INFORMATION_FORMAT = "dwarf-with-dsym";
				ENABLE_NS_ASSERTIONS = NO;
				ENABLE_STRICT_OBJC_MSGSEND = YES;
				GCC_C_LANGUAGE_STANDARD = gnu11;
				GCC_NO_COMMON_BLOCKS = YES;
				GCC_WARN_64_TO_32_BIT_CONVERSION = YES;
				GCC_WARN_ABOUT_RETURN_TYPE = YES_ERROR;
				GCC_WARN_UNDECLARED_SELECTOR = YES;
				GCC_WARN_UNINITIALIZED_AUTOS = YES_AGGRESSIVE;
				GCC_WARN_UNUSED_FUNCTION = YES;
				GCC_WARN_UNUSED_VARIABLE = YES;
				IPHONEOS_DEPLOYMENT_TARGET = 16.2;
				MTL_ENABLE_DEBUG_INFO = NO;
				MTL_FAST_MATH = YES;
				SDKROOT = iphoneos;
				SWIFT_COMPILATION_MODE = wholemodule;
				SWIFT_OPTIMIZATION_LEVEL = "-O";
				VALIDATE_PRODUCT = YES;
			};
			name = Release;
		};
		E1E86A112B8B366600BC49FF /* Debug */ = {
			isa = XCBuildConfiguration;
			buildSettings = {
				ASSETCATALOG_COMPILER_APPICON_NAME = AppIcon;
				ASSETCATALOG_COMPILER_GLOBAL_ACCENT_COLOR_NAME = AccentColor;
				CODE_SIGN_STYLE = Automatic;
				CURRENT_PROJECT_VERSION = 1;
				DEVELOPMENT_TEAM = QB5D9L8BLU;
				GENERATE_INFOPLIST_FILE = YES;
				INFOPLIST_FILE = MVVMiOS/Info.plist;
				INFOPLIST_KEY_UIApplicationSupportsIndirectInputEvents = YES;
				INFOPLIST_KEY_UILaunchStoryboardName = LaunchScreen;
				INFOPLIST_KEY_UIMainStoryboardFile = Main;
				INFOPLIST_KEY_UISupportedInterfaceOrientations_iPad = "UIInterfaceOrientationPortrait UIInterfaceOrientationPortraitUpsideDown UIInterfaceOrientationLandscapeLeft UIInterfaceOrientationLandscapeRight";
				INFOPLIST_KEY_UISupportedInterfaceOrientations_iPhone = "UIInterfaceOrientationPortrait UIInterfaceOrientationLandscapeLeft UIInterfaceOrientationLandscapeRight";
				LD_RUNPATH_SEARCH_PATHS = (
					"$(inherited)",
					"@executable_path/Frameworks",
				);
				MARKETING_VERSION = 1.0;
				PRODUCT_BUNDLE_IDENTIFIER = com.example.MVVMiOS;
				PRODUCT_NAME = "$(TARGET_NAME)";
				SWIFT_EMIT_LOC_STRINGS = YES;
				SWIFT_VERSION = 5.0;
				TARGETED_DEVICE_FAMILY = "1,2";
			};
			name = Debug;
		};
		E1E86A122B8B366600BC49FF /* Release */ = {
			isa = XCBuildConfiguration;
			buildSettings = {
				ASSETCATALOG_COMPILER_APPICON_NAME = AppIcon;
				ASSETCATALOG_COMPILER_GLOBAL_ACCENT_COLOR_NAME = AccentColor;
				CODE_SIGN_STYLE = Automatic;
				CURRENT_PROJECT_VERSION = 1;
				DEVELOPMENT_TEAM = QB5D9L8BLU;
				GENERATE_INFOPLIST_FILE = YES;
				INFOPLIST_FILE = MVVMiOS/Info.plist;
				INFOPLIST_KEY_UIApplicationSupportsIndirectInputEvents = YES;
				INFOPLIST_KEY_UILaunchStoryboardName = LaunchScreen;
				INFOPLIST_KEY_UIMainStoryboardFile = Main;
				INFOPLIST_KEY_UISupportedInterfaceOrientations_iPad = "UIInterfaceOrientationPortrait UIInterfaceOrientationPortraitUpsideDown UIInterfaceOrientationLandscapeLeft UIInterfaceOrientationLandscapeRight";
				INFOPLIST_KEY_UISupportedInterfaceOrientations_iPhone = "UIInterfaceOrientationPortrait UIInterfaceOrientationLandscapeLeft UIInterfaceOrientationLandscapeRight";
				LD_RUNPATH_SEARCH_PATHS = (
					"$(inherited)",
					"@executable_path/Frameworks",
				);
				MARKETING_VERSION = 1.0;
				PRODUCT_BUNDLE_IDENTIFIER = com.example.MVVMiOS;
				PRODUCT_NAME = "$(TARGET_NAME)";
				SWIFT_EMIT_LOC_STRINGS = YES;
				SWIFT_VERSION = 5.0;
				TARGETED_DEVICE_FAMILY = "1,2";
			};
			name = Release;
		};
		E1E86A142B8B366600BC49FF /* Debug */ = {
			isa = XCBuildConfiguration;
			buildSettings = {
				ALWAYS_EMBED_SWIFT_STANDARD_LIBRARIES = YES;
				BUNDLE_LOADER = "$(TEST_HOST)";
				CODE_SIGN_STYLE = Automatic;
				CURRENT_PROJECT_VERSION = 1;
				DEVELOPMENT_TEAM = QB5D9L8BLU;
				GENERATE_INFOPLIST_FILE = YES;
				IPHONEOS_DEPLOYMENT_TARGET = 16.2;
				MARKETING_VERSION = 1.0;
				PRODUCT_BUNDLE_IDENTIFIER = com.example.MVVMiOSTests;
				PRODUCT_NAME = "$(TARGET_NAME)";
				SWIFT_EMIT_LOC_STRINGS = NO;
				SWIFT_VERSION = 5.0;
				TARGETED_DEVICE_FAMILY = "1,2";
				TEST_HOST = "$(BUILT_PRODUCTS_DIR)/MVVMiOS.app/$(BUNDLE_EXECUTABLE_FOLDER_PATH)/MVVMiOS";
			};
			name = Debug;
		};
		E1E86A152B8B366600BC49FF /* Release */ = {
			isa = XCBuildConfiguration;
			buildSettings = {
				ALWAYS_EMBED_SWIFT_STANDARD_LIBRARIES = YES;
				BUNDLE_LOADER = "$(TEST_HOST)";
				CODE_SIGN_STYLE = Automatic;
				CURRENT_PROJECT_VERSION = 1;
				DEVELOPMENT_TEAM = QB5D9L8BLU;
				GENERATE_INFOPLIST_FILE = YES;
				IPHONEOS_DEPLOYMENT_TARGET = 16.2;
				MARKETING_VERSION = 1.0;
				PRODUCT_BUNDLE_IDENTIFIER = com.example.MVVMiOSTests;
				PRODUCT_NAME = "$(TARGET_NAME)";
				SWIFT_EMIT_LOC_STRINGS = NO;
				SWIFT_VERSION = 5.0;
				TARGETED_DEVICE_FAMILY = "1,2";
				TEST_HOST = "$(BUILT_PRODUCTS_DIR)/MVVMiOS.app/$(BUNDLE_EXECUTABLE_FOLDER_PATH)/MVVMiOS";
			};
			name = Release;
		};
		E1E86A172B8B366600BC49FF /* Debug */ = {
			isa = XCBuildConfiguration;
			buildSettings = {
				ALWAYS_EMBED_SWIFT_STANDARD_LIBRARIES = YES;
				CODE_SIGN_STYLE = Automatic;
				CURRENT_PROJECT_VERSION = 1;
				DEVELOPMENT_TEAM = QB5D9L8BLU;
				GENERATE_INFOPLIST_FILE = YES;
				MARKETING_VERSION = 1.0;
				PRODUCT_BUNDLE_IDENTIFIER = com.example.MVVMiOSUITests;
				PRODUCT_NAME = "$(TARGET_NAME)";
				SWIFT_EMIT_LOC_STRINGS = NO;
				SWIFT_VERSION = 5.0;
				TARGETED_DEVICE_FAMILY = "1,2";
				TEST_TARGET_NAME = MVVMiOS;
			};
			name = Debug;
		};
		E1E86A182B8B366600BC49FF /* Release */ = {
			isa = XCBuildConfiguration;
			buildSettings = {
				ALWAYS_EMBED_SWIFT_STANDARD_LIBRARIES = YES;
				CODE_SIGN_STYLE = Automatic;
				CURRENT_PROJECT_VERSION = 1;
				DEVELOPMENT_TEAM = QB5D9L8BLU;
				GENERATE_INFOPLIST_FILE = YES;
				MARKETING_VERSION = 1.0;
				PRODUCT_BUNDLE_IDENTIFIER = com.example.MVVMiOSUITests;
				PRODUCT_NAME = "$(TARGET_NAME)";
				SWIFT_EMIT_LOC_STRINGS = NO;
				SWIFT_VERSION = 5.0;
				TARGETED_DEVICE_FAMILY = "1,2";
				TEST_TARGET_NAME = MVVMiOS;
			};
			name = Release;
		};
/* End XCBuildConfiguration section */

/* Begin XCConfigurationList section */
		E1E869E12B8B366200BC49FF /* Build configuration list for PBXProject "MVVMiOS" */ = {
			isa = XCConfigurationList;
			buildConfigurations = (
				E1E86A0E2B8B366600BC49FF /* Debug */,
				E1E86A0F2B8B366600BC49FF /* Release */,
			);
			defaultConfigurationIsVisible = 0;
			defaultConfigurationName = Release;
		};
		E1E86A102B8B366600BC49FF /* Build configuration list for PBXNativeTarget "MVVMiOS" */ = {
			isa = XCConfigurationList;
			buildConfigurations = (
				E1E86A112B8B366600BC49FF /* Debug */,
				E1E86A122B8B366600BC49FF /* Release */,
			);
			defaultConfigurationIsVisible = 0;
			defaultConfigurationName = Release;
		};
		E1E86A132B8B366600BC49FF /* Build configuration list for PBXNativeTarget "MVVMiOSTests" */ = {
			isa = XCConfigurationList;
			buildConfigurations = (
				E1E86A142B8B366600BC49FF /* Debug */,
				E1E86A152B8B366600BC49FF /* Release */,
			);
			defaultConfigurationIsVisible = 0;
			defaultConfigurationName = Release;
		};
		E1E86A162B8B366600BC49FF /* Build configuration list for PBXNativeTarget "MVVMiOSUITests" */ = {
			isa = XCConfigurationList;
			buildConfigurations = (
				E1E86A172B8B366600BC49FF /* Debug */,
				E1E86A182B8B366600BC49FF /* Release */,
			);
			defaultConfigurationIsVisible = 0;
			defaultConfigurationName = Release;
		};
/* End XCConfigurationList section */
	};
	rootObject = E1E869DE2B8B366200BC49FF /* Project object */;
}
